<?xml version="1.0" encoding="utf-8"?>
<Project ToolsVersion="4.0" xmlns="http://schemas.microsoft.com/developer/msbuild/2003">
  <ItemGroup>
    <Filter Include="Source Files">
      <UniqueIdentifier>{4FC737F1-C7A5-4376-A066-2A32D752A2FF}</UniqueIdentifier>
      <Extensions>cpp;c;cc;cxx;def;odl;idl;hpj;bat;asm;asmx</Extensions>
    </Filter>
    <Filter Include="Header Files">
      <UniqueIdentifier>{93995380-89BD-4b04-88EB-625FBE52EBFB}</UniqueIdentifier>
      <Extensions>h;hpp;hxx;hm;inl;inc;xsd</Extensions>
    </Filter>
    <Filter Include="Resource Files">
      <UniqueIdentifier>{67DA6AB6-F800-4c08-8B7A-83BB121AAD01}</UniqueIdentifier>
      <Extensions>rc;ico;cur;bmp;dlg;rc2;rct;bin;rgs;gif;jpg;jpeg;jpe;resx;tiff;tif;png;wav;mfcribbon-ms</Extensions>
    </Filter>
  </ItemGroup>
  <ItemGroup>
    <ClCompile Include="synthesis.cpp">
      <Filter>Source Files</Filter>
    </ClCompile>
    <ClCompile Include="tests\ssi.cpp">
      <Filter>Source Files</Filter>
    </ClCompile>
    <ClCompile Include="tests\tmpl.cpp">
      <Filter>Source Files</Filter>
    </ClCompile>
    <ClCompile Include="tests\django.cpp">
      <Filter>Source Files</Filter>
    </ClCompile>
  </ItemGroup>
  <ItemGroup>
    <None Include="LICENSE_1_0.txt" />
    <None Include=".hgignore" />
    <None Include="SConstruct" />
    <None Include="samples\base.tpl" />
    <None Include="samples\derived.tpl" />
    <None Include="samples\example.shtml" />
    <None Include="samples\example.tmpl" />
    <None Include="samples\expression.tpl" />
    <None Include="samples\included.tpl" />
    <None Include="samples\whatever.tpl" />
    <None Include="samples\variables.tmpl" />
    <None Include="samples\variables.shtml" />
    <None Include="Synthesis.cbp" />
  </ItemGroup>
  <ItemGroup>
    <ClInclude Include="chemical\synthesis.hpp">
      <Filter>Header Files</Filter>
    </ClInclude>
    <ClInclude Include="chemical\synthesis\adapters\detail\smart_ptr_fwd.hpp">
      <Filter>Header Files</Filter>
    </ClInclude>
    <ClInclude Include="chemical\synthesis\adapters\abstract.hpp">
      <Filter>Header Files</Filter>
    </ClInclude>
    <ClInclude Include="chemical\synthesis\adapters\adapter.hpp">
      <Filter>Header Files</Filter>
    </ClInclude>
    <ClInclude Include="chemical\synthesis\adapters\array.hpp">
      <Filter>Header Files</Filter>
    </ClInclude>
    <ClInclude Include="chemical\synthesis\adapters\bool.hpp">
      <Filter>Header Files</Filter>
    </ClInclude>
    <ClInclude Include="chemical\synthesis\adapters\complex.hpp">
      <Filter>Header Files</Filter>
    </ClInclude>
    <ClInclude Include="chemical\synthesis\adapters\container.hpp">
      <Filter>Header Files</Filter>
    </ClInclude>
    <ClInclude Include="chemical\synthesis\adapters\deque.hpp">
      <Filter>Header Files</Filter>
    </ClInclude>
    <ClInclude Include="chemical\synthesis\adapters\list.hpp">
      <Filter>Header Files</Filter>
    </ClInclude>
    <ClInclude Include="chemical\synthesis\adapters\map.hpp">
      <Filter>Header Files</Filter>
    </ClInclude>
    <ClInclude Include="chemical\synthesis\adapters\memory.hpp">
      <Filter>Header Files</Filter>
    </ClInclude>
    <ClInclude Include="chemical\synthesis\adapters\numeric.hpp">
      <Filter>Header Files</Filter>
    </ClInclude>
    <ClInclude Include="chemical\synthesis\adapters\optional.hpp">
      <Filter>Header Files</Filter>
    </ClInclude>
    <ClInclude Include="chemical\synthesis\adapters\pair.hpp">
      <Filter>Header Files</Filter>
    </ClInclude>
    <ClInclude Include="chemical\synthesis\adapters\pointer.hpp">
      <Filter>Header Files</Filter>
    </ClInclude>
    <ClInclude Include="chemical\synthesis\adapters\ref.hpp">
      <Filter>Header Files</Filter>
    </ClInclude>
    <ClInclude Include="chemical\synthesis\adapters\scoped_array.hpp">
      <Filter>Header Files</Filter>
    </ClInclude>
    <ClInclude Include="chemical\synthesis\adapters\scoped_ptr.hpp">
      <Filter>Header Files</Filter>
    </ClInclude>
    <ClInclude Include="chemical\synthesis\adapters\set.hpp">
      <Filter>Header Files</Filter>
    </ClInclude>
    <ClInclude Include="chemical\synthesis\adapters\shared_array.hpp">
      <Filter>Header Files</Filter>
    </ClInclude>
    <ClInclude Include="chemical\synthesis\adapters\shared_ptr.hpp">
      <Filter>Header Files</Filter>
    </ClInclude>
    <ClInclude Include="chemical\synthesis\adapters\smart_ptr.hpp">
      <Filter>Header Files</Filter>
    </ClInclude>
    <ClInclude Include="chemical\synthesis\adapters\string.hpp">
      <Filter>Header Files</Filter>
    </ClInclude>
    <ClInclude Include="chemical\synthesis\adapters\utility.hpp">
      <Filter>Header Files</Filter>
    </ClInclude>
    <ClInclude Include="chemical\synthesis\adapters\variant.hpp">
      <Filter>Header Files</Filter>
    </ClInclude>
    <ClInclude Include="chemical\synthesis\adapters\vector.hpp">
      <Filter>Header Files</Filter>
    </ClInclude>
    <ClInclude Include="chemical\synthesis\engines\django\filters.hpp">
      <Filter>Header Files</Filter>
    </ClInclude>
    <ClInclude Include="chemical\synthesis\engines\django\library.hpp">
      <Filter>Header Files</Filter>
    </ClInclude>
    <ClInclude Include="chemical\synthesis\engines\django\tags.hpp">
      <Filter>Header Files</Filter>
    </ClInclude>
    <ClInclude Include="chemical\synthesis\engines\django\value.hpp">
      <Filter>Header Files</Filter>
    </ClInclude>
    <ClInclude Include="chemical\synthesis\engines\ssi\directives.hpp">
      <Filter>Header Files</Filter>
    </ClInclude>
    <ClInclude Include="chemical\synthesis\engines\ssi\engine.hpp">
      <Filter>Header Files</Filter>
    </ClInclude>
    <ClInclude Include="chemical\synthesis\engines\ssi\library.hpp">
      <Filter>Header Files</Filter>
    </ClInclude>
    <ClInclude Include="chemical\synthesis\engines\ssi\value.hpp">
      <Filter>Header Files</Filter>
    </ClInclude>
    <ClInclude Include="chemical\synthesis\engines\tmpl\library.hpp">
      <Filter>Header Files</Filter>
    </ClInclude>
    <ClInclude Include="chemical\synthesis\engines\tmpl\tags.hpp">
      <Filter>Header Files</Filter>
    </ClInclude>
    <ClInclude Include="chemical\synthesis\engines\tmpl\value.hpp">
      <Filter>Header Files</Filter>
    </ClInclude>
    <ClInclude Include="chemical\synthesis\engines\cgi_environment.hpp">
      <Filter>Header Files</Filter>
    </ClInclude>
    <ClInclude Include="chemical\synthesis\engines\detail.hpp">
      <Filter>Header Files</Filter>
    </ClInclude>
    <ClInclude Include="chemical\synthesis\engines\django.hpp">
      <Filter>Header Files</Filter>
    </ClInclude>
    <ClInclude Include="chemical\synthesis\engines\tmpl.hpp">
      <Filter>Header Files</Filter>
    </ClInclude>
    <ClInclude Include="chemical\synthesis\templates\base_template.hpp">
      <Filter>Header Files</Filter>
    </ClInclude>
    <ClInclude Include="chemical\synthesis\templates\file_template.hpp">
      <Filter>Header Files</Filter>
    </ClInclude>
    <ClInclude Include="chemical\synthesis\templates\stream_template.hpp">
      <Filter>Header Files</Filter>
    </ClInclude>
    <ClInclude Include="chemical\synthesis\templates\string_template.hpp">
      <Filter>Header Files</Filter>
    </ClInclude>
    <ClInclude Include="chemical\synthesis\adapters.hpp">
      <Filter>Header Files</Filter>
    </ClInclude>
    <ClInclude Include="chemical\synthesis\template.hpp">
      <Filter>Header Files</Filter>
    </ClInclude>
    <ClInclude Include="chemical\synthesis\value_facade.hpp">
      <Filter>Header Files</Filter>
    </ClInclude>
    <ClInclude Include="chemical\synthesis\value_iterator.hpp">
      <Filter>Header Files</Filter>
    </ClInclude>
    <ClInclude Include="chemical\testing.hpp">
      <Filter>Header Files</Filter>
    </ClInclude>
    <ClInclude Include="chemical\synthesis\engines\django\engine.hpp">
      <Filter>Header Files</Filter>
    </ClInclude>
    <ClInclude Include="chemical\synthesis\engines\ssi.hpp">
      <Filter>Header Files</Filter>
    </ClInclude>
    <ClInclude Include="chemical\synthesis\engines\tmpl\engine.hpp">
      <Filter>Header Files</Filter>
    </ClInclude>
    <ClInclude Include="chemical\synthesis\engines\exceptions.hpp">
      <Filter>Header Files</Filter>
    </ClInclude>
    <ClInclude Include="chemical\synthesis\engines\base_definition.hpp">
      <Filter>Header Files</Filter>
    </ClInclude>
  </ItemGroup>
</Project>