<?xml version="1.0" encoding="UTF-8" standalone="yes" ?>
<CodeBlocks_project_file>
	<FileVersion major="1" minor="6" />
	<Project>
		<Option title="Synthesis" />
		<Option pch_mode="2" />
		<Option compiler="gcc" />
		<Build>
			<Target title="Debug">
				<Option output="bin/Debug/Synthesis" prefix_auto="1" extension_auto="1" />
				<Option object_output="obj/Debug/" />
				<Option type="1" />
				<Option compiler="gcc" />
				<Compiler>
					<Add option="-g" />
					<Add directory="." />
				</Compiler>
			</Target>
			<Target title="Release">
				<Option output="bin/Release/Synthesis" prefix_auto="1" extension_auto="1" />
				<Option object_output="obj/Release/" />
				<Option type="1" />
				<Option compiler="gcc" />
				<Compiler>
					<Add option="-O2" />
				</Compiler>
				<Linker>
					<Add option="-s" />
				</Linker>
			</Target>
		</Build>
		<Compiler>
			<Add option="-pedantic" />
			<Add option="-Wall" />
			<Add option="-fexceptions" />
		</Compiler>
		<Unit filename="LICENSE_1_0.txt" />
		<Unit filename="SConstruct" />
		<Unit filename="ajg/synthesis.hpp" />
		<Unit filename="ajg/synthesis/adapters.hpp" />
		<Unit filename="ajg/synthesis/adapters/abstract.hpp" />
		<Unit filename="ajg/synthesis/adapters/adapter.hpp" />
		<Unit filename="ajg/synthesis/adapters/array.hpp" />
		<Unit filename="ajg/synthesis/adapters/bool.hpp" />
		<Unit filename="ajg/synthesis/adapters/complex.hpp" />
		<Unit filename="ajg/synthesis/adapters/container.hpp" />
		<Unit filename="ajg/synthesis/adapters/deque.hpp" />
		<Unit filename="ajg/synthesis/adapters/detail/smart_ptr_fwd.hpp" />
		<Unit filename="ajg/synthesis/adapters/list.hpp" />
		<Unit filename="ajg/synthesis/adapters/map.hpp" />
		<Unit filename="ajg/synthesis/adapters/memory.hpp" />
		<Unit filename="ajg/synthesis/adapters/numeric.hpp" />
		<Unit filename="ajg/synthesis/adapters/optional.hpp" />
		<Unit filename="ajg/synthesis/adapters/pair.hpp" />
		<Unit filename="ajg/synthesis/adapters/pointer.hpp" />
		<Unit filename="ajg/synthesis/adapters/ref.hpp" />
		<Unit filename="ajg/synthesis/adapters/scoped_array.hpp" />
		<Unit filename="ajg/synthesis/adapters/scoped_ptr.hpp" />
		<Unit filename="ajg/synthesis/adapters/set.hpp" />
		<Unit filename="ajg/synthesis/adapters/shared_array.hpp" />
		<Unit filename="ajg/synthesis/adapters/shared_ptr.hpp" />
		<Unit filename="ajg/synthesis/adapters/smart_ptr.hpp" />
		<Unit filename="ajg/synthesis/adapters/string.hpp" />
		<Unit filename="ajg/synthesis/adapters/utility.hpp" />
		<Unit filename="ajg/synthesis/adapters/variant.hpp" />
		<Unit filename="ajg/synthesis/adapters/vector.hpp" />
		<Unit filename="ajg/synthesis/engines/base_definition.hpp" />
		<Unit filename="ajg/synthesis/engines/cgi_environment.hpp" />
		<Unit filename="ajg/synthesis/engines/detail.hpp" />
		<Unit filename="ajg/synthesis/engines/django.hpp" />
		<Unit filename="ajg/synthesis/engines/django/engine.hpp" />
		<Unit filename="ajg/synthesis/engines/django/filters.hpp" />
		<Unit filename="ajg/synthesis/engines/django/library.hpp" />
		<Unit filename="ajg/synthesis/engines/django/tags.hpp" />
		<Unit filename="ajg/synthesis/engines/django/value.hpp" />
		<Unit filename="ajg/synthesis/engines/exceptions.hpp" />
		<Unit filename="ajg/synthesis/engines/ssi.hpp" />
		<Unit filename="ajg/synthesis/engines/ssi/directives.hpp" />
		<Unit filename="ajg/synthesis/engines/ssi/engine.hpp" />
		<Unit filename="ajg/synthesis/engines/ssi/library.hpp" />
		<Unit filename="ajg/synthesis/engines/ssi/value.hpp" />
		<Unit filename="ajg/synthesis/engines/tmpl.hpp" />
		<Unit filename="ajg/synthesis/engines/tmpl/engine.hpp" />
		<Unit filename="ajg/synthesis/engines/tmpl/library.hpp" />
		<Unit filename="ajg/synthesis/engines/tmpl/tags.hpp" />
		<Unit filename="ajg/synthesis/engines/tmpl/value.hpp" />
		<Unit filename="ajg/synthesis/template.hpp" />
		<Unit filename="ajg/synthesis/templates/base_template.hpp" />
		<Unit filename="ajg/synthesis/templates/file_template.hpp" />
		<Unit filename="ajg/synthesis/templates/stream_template.hpp" />
		<Unit filename="ajg/synthesis/templates/string_template.hpp" />
		<Unit filename="ajg/synthesis/value_facade.hpp" />
		<Unit filename="ajg/synthesis/value_iterator.hpp" />
		<Unit filename="ajg/testing.hpp" />
		<Unit filename="samples/django/base.tpl" />
		<Unit filename="samples/django/derived.tpl" />
		<Unit filename="samples/django/expression.tpl" />
		<Unit filename="samples/django/included.tpl" />
		<Unit filename="samples/django/whatever.tpl" />
		<Unit filename="samples/ssi/variables.shtml" />
		<Unit filename="samples/ssi/example.shtml" />
		<Unit filename="samples/tmpl/variables.tmpl" />
		<Unit filename="samples/tmpl/example.tmpl" />
		<Unit filename="synthesis.cpp" />
		<Unit filename="tests/django.cpp" />
		<Unit filename="tests/ssi.cpp" />
		<Unit filename="tests/tmpl.cpp" />
		<Extensions>
			<code_completion />
			<debugger />
		</Extensions>
	</Project>
</CodeBlocks_project_file>
